// !$*UTF8*$!
{
	archiveVersion = 1;
	classes = {
	};
	objectVersion = 48;
	objects = {

/* Begin PBXBuildFile section */
		74B75D851FCE3A980099AE34 /* AppDelegate.m in Sources */ = {isa = PBXBuildFile; fileRef = 74B75D841FCE3A980099AE34 /* AppDelegate.m */; };
		74B75D881FCE3A980099AE34 /* ViewController.m in Sources */ = {isa = PBXBuildFile; fileRef = 74B75D871FCE3A980099AE34 /* ViewController.m */; };
		74B75D8B1FCE3A980099AE34 /* Main.storyboard in Resources */ = {isa = PBXBuildFile; fileRef = 74B75D891FCE3A980099AE34 /* Main.storyboard */; };
		74B75D8D1FCE3A980099AE34 /* Assets.xcassets in Resources */ = {isa = PBXBuildFile; fileRef = 74B75D8C1FCE3A980099AE34 /* Assets.xcassets */; };
		74B75D901FCE3A980099AE34 /* LaunchScreen.storyboard in Resources */ = {isa = PBXBuildFile; fileRef = 74B75D8E1FCE3A980099AE34 /* LaunchScreen.storyboard */; };
		74B75D931FCE3A980099AE34 /* main.m in Sources */ = {isa = PBXBuildFile; fileRef = 74B75D921FCE3A980099AE34 /* main.m */; };
		74B75D9B1FCE3AFB0099AE34 /* YasicClipPage.m in Sources */ = {isa = PBXBuildFile; fileRef = 74B75D9A1FCE3AFB0099AE34 /* YasicClipPage.m */; };
		74B75D9E1FCE42B20099AE34 /* YasicClipAreaLayer.m in Sources */ = {isa = PBXBuildFile; fileRef = 74B75D9D1FCE42B20099AE34 /* YasicClipAreaLayer.m */; };
		74B75DA11FCE76020099AE34 /* YasicPanGestureRecognizer.m in Sources */ = {isa = PBXBuildFile; fileRef = 74B75DA01FCE76020099AE34 /* YasicPanGestureRecognizer.m */; };
		F41D9148B0A75255E11BAAC5 /* libPods-DynamicClipImage.a in Frameworks */ = {isa = PBXBuildFile; fileRef = 960A348D495D06C081C775E6 /* libPods-DynamicClipImage.a */; };
/* End PBXBuildFile section */

/* Begin PBXFileReference section */
		2E0701C8B0866E68069C0583 /* Pods-DynamicClipImage.release.xcconfig */ = {isa = PBXFileReference; includeInIndex = 1; lastKnownFileType = text.xcconfig; name = "Pods-DynamicClipImage.release.xcconfig"; path = "Pods/Target Support Files/Pods-DynamicClipImage/Pods-DynamicClipImage.release.xcconfig"; sourceTree = "<group>"; };
		74B75D801FCE3A980099AE34 /* DynamicClipImage.app */ = {isa = PBXFileReference; explicitFileType = wrapper.application; includeInIndex = 0; path = DynamicClipImage.app; sourceTree = BUILT_PRODUCTS_DIR; };
		74B75D831FCE3A980099AE34 /* AppDelegate.h */ = {isa = PBXFileReference; lastKnownFileType = sourcecode.c.h; path = AppDelegate.h; sourceTree = "<group>"; };
		74B75D841FCE3A980099AE34 /* AppDelegate.m */ = {isa = PBXFileReference; lastKnownFileType = sourcecode.c.objc; path = AppDelegate.m; sourceTree = "<group>"; };
		74B75D861FCE3A980099AE34 /* ViewController.h */ = {isa = PBXFileReference; lastKnownFileType = sourcecode.c.h; path = ViewController.h; sourceTree = "<group>"; };
		74B75D871FCE3A980099AE34 /* ViewController.m */ = {isa = PBXFileReference; lastKnownFileType = sourcecode.c.objc; path = ViewController.m; sourceTree = "<group>"; };
		74B75D8A1FCE3A980099AE34 /* Base */ = {isa = PBXFileReference; lastKnownFileType = file.storyboard; name = Base; path = Base.lproj/Main.storyboard; sourceTree = "<group>"; };
		74B75D8C1FCE3A980099AE34 /* Assets.xcassets */ = {isa = PBXFileReference; lastKnownFileType = folder.assetcatalog; path = Assets.xcassets; sourceTree = "<group>"; };
		74B75D8F1FCE3A980099AE34 /* Base */ = {isa = PBXFileReference; lastKnownFileType = file.storyboard; name = Base; path = Base.lproj/LaunchScreen.storyboard; sourceTree = "<group>"; };
		74B75D911FCE3A980099AE34 /* Info.plist */ = {isa = PBXFileReference; lastKnownFileType = text.plist.xml; path = Info.plist; sourceTree = "<group>"; };
		74B75D921FCE3A980099AE34 /* main.m */ = {isa = PBXFileReference; lastKnownFileType = sourcecode.c.objc; path = main.m; sourceTree = "<group>"; };
		74B75D991FCE3AFB0099AE34 /* YasicClipPage.h */ = {isa = PBXFileReference; lastKnownFileType = sourcecode.c.h; path = YasicClipPage.h; sourceTree = "<group>"; };
		74B75D9A1FCE3AFB0099AE34 /* YasicClipPage.m */ = {isa = PBXFileReference; lastKnownFileType = sourcecode.c.objc; path = YasicClipPage.m; sourceTree = "<group>"; };
		74B75D9C1FCE42B20099AE34 /* YasicClipAreaLayer.h */ = {isa = PBXFileReference; lastKnownFileType = sourcecode.c.h; path = YasicClipAreaLayer.h; sourceTree = "<group>"; };
		74B75D9D1FCE42B20099AE34 /* YasicClipAreaLayer.m */ = {isa = PBXFileReference; lastKnownFileType = sourcecode.c.objc; path = YasicClipAreaLayer.m; sourceTree = "<group>"; };
		74B75D9F1FCE76020099AE34 /* YasicPanGestureRecognizer.h */ = {isa = PBXFileReference; lastKnownFileType = sourcecode.c.h; path = YasicPanGestureRecognizer.h; sourceTree = "<group>"; };
		74B75DA01FCE76020099AE34 /* YasicPanGestureRecognizer.m */ = {isa = PBXFileReference; lastKnownFileType = sourcecode.c.objc; path = YasicPanGestureRecognizer.m; sourceTree = "<group>"; };
		82EEA682B1E1CB2D22C8F949 /* Pods-DynamicClipImage.debug.xcconfig */ = {isa = PBXFileReference; includeInIndex = 1; lastKnownFileType = text.xcconfig; name = "Pods-DynamicClipImage.debug.xcconfig"; path = "Pods/Target Support Files/Pods-DynamicClipImage/Pods-DynamicClipImage.debug.xcconfig"; sourceTree = "<group>"; };
		960A348D495D06C081C775E6 /* libPods-DynamicClipImage.a */ = {isa = PBXFileReference; explicitFileType = archive.ar; includeInIndex = 0; path = "libPods-DynamicClipImage.a"; sourceTree = BUILT_PRODUCTS_DIR; };
/* End PBXFileReference section */

/* Begin PBXFrameworksBuildPhase section */
		74B75D7D1FCE3A980099AE34 /* Frameworks */ = {
			isa = PBXFrameworksBuildPhase;
			buildActionMask = 2147483647;
			files = (
				F41D9148B0A75255E11BAAC5 /* libPods-DynamicClipImage.a in Frameworks */,
			);
			runOnlyForDeploymentPostprocessing = 0;
		};
/* End PBXFrameworksBuildPhase section */

/* Begin PBXGroup section */
		1B90EECAD3A6C44BC011A86D /* Frameworks */ = {
			isa = PBXGroup;
			children = (
				960A348D495D06C081C775E6 /* libPods-DynamicClipImage.a */,
			);
			name = Frameworks;
			sourceTree = "<group>";
		};
		74B75D771FCE3A980099AE34 = {
			isa = PBXGroup;
			children = (
				74B75D821FCE3A980099AE34 /* DynamicClipImage */,
				74B75D811FCE3A980099AE34 /* Products */,
				931B745476C128B06E618124 /* Pods */,
				1B90EECAD3A6C44BC011A86D /* Frameworks */,
			);
			sourceTree = "<group>";
		};
		74B75D811FCE3A980099AE34 /* Products */ = {
			isa = PBXGroup;
			children = (
				74B75D801FCE3A980099AE34 /* DynamicClipImage.app */,
			);
			name = Products;
			sourceTree = "<group>";
		};
		74B75D821FCE3A980099AE34 /* DynamicClipImage */ = {
			isa = PBXGroup;
			children = (
				74B75D831FCE3A980099AE34 /* AppDelegate.h */,
				74B75D841FCE3A980099AE34 /* AppDelegate.m */,
				74B75D861FCE3A980099AE34 /* ViewController.h */,
				74B75D871FCE3A980099AE34 /* ViewController.m */,
				74B75D891FCE3A980099AE34 /* Main.storyboard */,
				74B75D8C1FCE3A980099AE34 /* Assets.xcassets */,
				74B75D8E1FCE3A980099AE34 /* LaunchScreen.storyboard */,
				74B75D911FCE3A980099AE34 /* Info.plist */,
				74B75D921FCE3A980099AE34 /* main.m */,
				74B75D991FCE3AFB0099AE34 /* YasicClipPage.h */,
				74B75D9A1FCE3AFB0099AE34 /* YasicClipPage.m */,
				74B75D9C1FCE42B20099AE34 /* YasicClipAreaLayer.h */,
				74B75D9D1FCE42B20099AE34 /* YasicClipAreaLayer.m */,
				74B75D9F1FCE76020099AE34 /* YasicPanGestureRecognizer.h */,
				74B75DA01FCE76020099AE34 /* YasicPanGestureRecognizer.m */,
			);
			path = DynamicClipImage;
			sourceTree = "<group>";
		};
		931B745476C128B06E618124 /* Pods */ = {
			isa = PBXGroup;
			children = (
				82EEA682B1E1CB2D22C8F949 /* Pods-DynamicClipImage.debug.xcconfig */,
				2E0701C8B0866E68069C0583 /* Pods-DynamicClipImage.release.xcconfig */,
			);
			name = Pods;
			sourceTree = "<group>";
		};
/* End PBXGroup section */

/* Begin PBXNativeTarget section */
		74B75D7F1FCE3A980099AE34 /* DynamicClipImage */ = {
			isa = PBXNativeTarget;
			buildConfigurationList = 74B75D961FCE3A980099AE34 /* Build configuration list for PBXNativeTarget "DynamicClipImage" */;
			buildPhases = (
				D0000F0F6C45A6ADBB59DC04 /* [CP] Check Pods Manifest.lock */,
				74B75D7C1FCE3A980099AE34 /* Sources */,
				74B75D7D1FCE3A980099AE34 /* Frameworks */,
				74B75D7E1FCE3A980099AE34 /* Resources */,
				6AC16F1FFCAF61A7F1623B0D /* [CP] Embed Pods Frameworks */,
				0FA111F66C357263514B6984 /* [CP] Copy Pods Resources */,
			);
			buildRules = (
			);
			dependencies = (
			);
			name = DynamicClipImage;
			productName = DynamicClipImage;
			productReference = 74B75D801FCE3A980099AE34 /* DynamicClipImage.app */;
			productType = "com.apple.product-type.application";
		};
/* End PBXNativeTarget section */

/* Begin PBXProject section */
		74B75D781FCE3A980099AE34 /* Project object */ = {
			isa = PBXProject;
			attributes = {
				LastUpgradeCheck = 0910;
				ORGANIZATIONNAME = yasic;
				TargetAttributes = {
					74B75D7F1FCE3A980099AE34 = {
						CreatedOnToolsVersion = 9.1;
						ProvisioningStyle = Automatic;
					};
				};
			};
			buildConfigurationList = 74B75D7B1FCE3A980099AE34 /* Build configuration list for PBXProject "DynamicClipImage" */;
			compatibilityVersion = "Xcode 8.0";
			developmentRegion = en;
			hasScannedForEncodings = 0;
			knownRegions = (
				en,
				Base,
			);
			mainGroup = 74B75D771FCE3A980099AE34;
			productRefGroup = 74B75D811FCE3A980099AE34 /* Products */;
			projectDirPath = "";
			projectRoot = "";
			targets = (
				74B75D7F1FCE3A980099AE34 /* DynamicClipImage */,
			);
		};
/* End PBXProject section */

/* Begin PBXResourcesBuildPhase section */
		74B75D7E1FCE3A980099AE34 /* Resources */ = {
			isa = PBXResourcesBuildPhase;
			buildActionMask = 2147483647;
			files = (
				74B75D901FCE3A980099AE34 /* LaunchScreen.storyboard in Resources */,
				74B75D8D1FCE3A980099AE34 /* Assets.xcassets in Resources */,
				74B75D8B1FCE3A980099AE34 /* Main.storyboard in Resources */,
			);
			runOnlyForDeploymentPostprocessing = 0;
		};
/* End PBXResourcesBuildPhase section */

/* Begin PBXShellScriptBuildPhase section */
		0FA111F66C357263514B6984 /* [CP] Copy Pods Resources */ = {
			isa = PBXShellScriptBuildPhase;
			buildActionMask = 2147483647;
			files = (
			);
			inputPaths = (
			);
			name = "[CP] Copy Pods Resources";
			outputPaths = (
			);
			runOnlyForDeploymentPostprocessing = 0;
			shellPath = /bin/sh;
			shellScript = "\"${SRCROOT}/Pods/Target Support Files/Pods-DynamicClipImage/Pods-DynamicClipImage-resources.sh\"\n";
			showEnvVarsInLog = 0;
		};
		6AC16F1FFCAF61A7F1623B0D /* [CP] Embed Pods Frameworks */ = {
			isa = PBXShellScriptBuildPhase;
			buildActionMask = 2147483647;
			files = (
			);
			inputPaths = (
			);
			name = "[CP] Embed Pods Frameworks";
			outputPaths = (
			);
			runOnlyForDeploymentPostprocessing = 0;
			shellPath = /bin/sh;
			shellScript = "\"${SRCROOT}/Pods/Target Support Files/Pods-DynamicClipImage/Pods-DynamicClipImage-frameworks.sh\"\n";
			showEnvVarsInLog = 0;
		};
		D0000F0F6C45A6ADBB59DC04 /* [CP] Check Pods Manifest.lock */ = {
			isa = PBXShellScriptBuildPhase;
			buildActionMask = 2147483647;
			files = (
			);
			inputPaths = (
			);
			name = "[CP] Check Pods Manifest.lock";
			outputPaths = (
			);
			runOnlyForDeploymentPostprocessing = 0;
			shellPath = /bin/sh;
			shellScript = "diff \"${PODS_PODFILE_DIR_PATH}/Podfile.lock\" \"${PODS_ROOT}/Manifest.lock\" > /dev/null\nif [ $? != 0 ] ; then\n    # print error to STDERR\n    echo \"error: The sandbox is not in sync with the Podfile.lock. Run 'pod install' or update your CocoaPods installation.\" >&2\n    exit 1\nfi\n";
			showEnvVarsInLog = 0;
		};
/* End PBXShellScriptBuildPhase section */

/* Begin PBXSourcesBuildPhase section */
		74B75D7C1FCE3A980099AE34 /* Sources */ = {
			isa = PBXSourcesBuildPhase;
			buildActionMask = 2147483647;
			files = (
				74B75D9B1FCE3AFB0099AE34 /* YasicClipPage.m in Sources */,
				74B75D9E1FCE42B20099AE34 /* YasicClipAreaLayer.m in Sources */,
				74B75D881FCE3A980099AE34 /* ViewController.m in Sources */,
				74B75DA11FCE76020099AE34 /* YasicPanGestureRecognizer.m in Sources */,
				74B75D931FCE3A980099AE34 /* main.m in Sources */,
				74B75D851FCE3A980099AE34 /* AppDelegate.m in Sources */,
			);
			runOnlyForDeploymentPostprocessing = 0;
		};
/* End PBXSourcesBuildPhase section */

/* Begin PBXVariantGroup section */
		74B75D891FCE3A980099AE34 /* Main.storyboard */ = {
			isa = PBXVariantGroup;
			children = (
				74B75D8A1FCE3A980099AE34 /* Base */,
			);
			name = Main.storyboard;
			sourceTree = "<group>";
		};
		74B75D8E1FCE3A980099AE34 /* LaunchScreen.storyboard */ = {
			isa = PBXVariantGroup;
			children = (
				74B75D8F1FCE3A980099AE34 /* Base */,
			);
			name = LaunchScreen.storyboard;
			sourceTree = "<group>";
		};
/* End PBXVariantGroup section */

/* Begin XCBuildConfiguration section */
		74B75D941FCE3A980099AE34 /* Debug */ = {
			isa = XCBuildConfiguration;
			buildSettings = {
				ALWAYS_SEARCH_USER_PATHS = NO;
				CLANG_ANALYZER_NONNULL = YES;
				CLANG_ANALYZER_NUMBER_OBJECT_CONVERSION = YES_AGGRESSIVE;
				CLANG_CXX_LANGUAGE_STANDARD = "gnu++14";
				CLANG_CXX_LIBRARY = "libc++";
				CLANG_ENABLE_MODULES = YES;
				CLANG_ENABLE_OBJC_ARC = YES;
				CLANG_WARN_BLOCK_CAPTURE_AUTORELEASING = YES;
				CLANG_WARN_BOOL_CONVERSION = YES;
				CLANG_WARN_COMMA = YES;
				CLANG_WARN_CONSTANT_CONVERSION = YES;
				CLANG_WARN_DIRECT_OBJC_ISA_USAGE = YES_ERROR;
				CLANG_WARN_DOCUMENTATION_COMMENTS = YES;
				CLANG_WARN_EMPTY_BODY = YES;
				CLANG_WARN_ENUM_CONVERSION = YES;
				CLANG_WARN_INFINITE_RECURSION = YES;
				CLANG_WARN_INT_CONVERSION = YES;
				CLANG_WARN_NON_LITERAL_NULL_CONVERSION = YES;
				CLANG_WARN_OBJC_LITERAL_CONVERSION = YES;
				CLANG_WARN_OBJC_ROOT_CLASS = YES_ERROR;
				CLANG_WARN_RANGE_LOOP_ANALYSIS = YES;
				CLANG_WARN_STRICT_PROTOTYPES = YES;
				CLANG_WARN_SUSPICIOUS_MOVE = YES;
				CLANG_WARN_UNGUARDED_AVAILABILITY = YES_AGGRESSIVE;
				CLANG_WARN_UNREACHABLE_CODE = YES;
				CLANG_WARN__DUPLICATE_METHOD_MATCH = YES;
				CODE_SIGN_IDENTITY = "iPhone Developer";
				COPY_PHASE_STRIP = NO;
				DEBUG_INFORMATION_FORMAT = dwarf;
				ENABLE_STRICT_OBJC_MSGSEND = YES;
				ENABLE_TESTABILITY = YES;
				GCC_C_LANGUAGE_STANDARD = gnu11;
				GCC_DYNAMIC_NO_PIC = NO;
				GCC_NO_COMMON_BLOCKS = YES;
				GCC_OPTIMIZATION_LEVEL = 0;
				GCC_PREPROCESSOR_DEFINITIONS = (
					"DEBUG=1",
					"$(inherited)",
				);
				GCC_WARN_64_TO_32_BIT_CONVERSION = YES;
				GCC_WARN_ABOUT_RETURN_TYPE = YES_ERROR;
				GCC_WARN_UNDECLARED_SELECTOR = YES;
				GCC_WARN_UNINITIALIZED_AUTOS = YES_AGGRESSIVE;
				GCC_WARN_UNUSED_FUNCTION = YES;
				GCC_WARN_UNUSED_VARIABLE = YES;
				IPHONEOS_DEPLOYMENT_TARGET = 11.1;
				MTL_ENABLE_DEBUG_INFO = YES;
				ONLY_ACTIVE_ARCH = YES;
				SDKROOT = iphoneos;
			};
			name = Debug;
		};
		74B75D951FCE3A980099AE34 /* Release */ = {
			isa = XCBuildConfiguration;
			buildSettings = {
				ALWAYS_SEARCH_USER_PATHS = NO;
				CLANG_ANALYZER_NONNULL = YES;
				CLANG_ANALYZER_NUMBER_OBJECT_CONVERSION = YES_AGGRESSIVE;
				CLANG_CXX_LANGUAGE_STANDARD = "gnu++14";
				CLANG_CXX_LIBRARY = "libc++";
				CLANG_ENABLE_MODULES = YES;
				CLANG_ENABLE_OBJC_ARC = YES;
				CLANG_WARN_BLOCK_CAPTURE_AUTORELEASING = YES;
				CLANG_WARN_BOOL_CONVERSION = YES;
				CLANG_WARN_COMMA = YES;
				CLANG_WARN_CONSTANT_CONVERSION = YES;
				CLANG_WARN_DIRECT_OBJC_ISA_USAGE = YES_ERROR;
				CLANG_WARN_DOCUMENTATION_COMMENTS = YES;
				CLANG_WARN_EMPTY_BODY = YES;
				CLANG_WARN_ENUM_CONVERSION = YES;
				CLANG_WARN_INFINITE_RECURSION = YES;
				CLANG_WARN_INT_CONVERSION = YES;
				CLANG_WARN_NON_LITERAL_NULL_CONVERSION = YES;
				CLANG_WARN_OBJC_LITERAL_CONVERSION = YES;
				CLANG_WARN_OBJC_ROOT_CLASS = YES_ERROR;
				CLANG_WARN_RANGE_LOOP_ANALYSIS = YES;
				CLANG_WARN_STRICT_PROTOTYPES = YES;
				CLANG_WARN_SUSPICIOUS_MOVE = YES;
				CLANG_WARN_UNGUARDED_AVAILABILITY = YES_AGGRESSIVE;
				CLANG_WARN_UNREACHABLE_CODE = YES;
				CLANG_WARN__DUPLICATE_METHOD_MATCH = YES;
				CODE_SIGN_IDENTITY = "iPhone Developer";
				COPY_PHASE_STRIP = NO;
				DEBUG_INFORMATION_FORMAT = "dwarf-with-dsym";
				ENABLE_NS_ASSERTIONS = NO;
				ENABLE_STRICT_OBJC_MSGSEND = YES;
				GCC_C_LANGUAGE_STANDARD = gnu11;
				GCC_NO_COMMON_BLOCKS = YES;
				GCC_WARN_64_TO_32_BIT_CONVERSION = YES;
				GCC_WARN_ABOUT_RETURN_TYPE = YES_ERROR;
				GCC_WARN_UNDECLARED_SELECTOR = YES;
				GCC_WARN_UNINITIALIZED_AUTOS = YES_AGGRESSIVE;
				GCC_WARN_UNUSED_FUNCTION = YES;
				GCC_WARN_UNUSED_VARIABLE = YES;
				IPHONEOS_DEPLOYMENT_TARGET = 11.1;
				MTL_ENABLE_DEBUG_INFO = NO;
				SDKROOT = iphoneos;
				VALIDATE_PRODUCT = YES;
			};
			name = Release;
		};
		74B75D971FCE3A980099AE34 /* Debug */ = {
			isa = XCBuildConfiguration;
			baseConfigurationReference = 82EEA682B1E1CB2D22C8F949 /* Pods-DynamicClipImage.debug.xcconfig */;
			buildSettings = {
				ASSETCATALOG_COMPILER_APPICON_NAME = AppIcon;
				CLANG_CXX_LANGUAGE_STANDARD = "compiler-default";
				CODE_SIGN_STYLE = Automatic;
				DEVELOPMENT_TEAM = GJYQWG36VA;
				GCC_C_LANGUAGE_STANDARD = gnu99;
				INFOPLIST_FILE = DynamicClipImage/Info.plist;
				LD_RUNPATH_SEARCH_PATHS = "$(inherited) @executable_path/Frameworks";
				PRODUCT_BUNDLE_IDENTIFIER = developer.technology.DynamicClipImage;
				PRODUCT_NAME = "$(TARGET_NAME)";
				TARGETED_DEVICE_FAMILY = "1,2";
			};
			name = Debug;
		};
		74B75D981FCE3A980099AE34 /* Release */ = {
			isa = XCBuildConfiguration;
			baseConfigurationReference = 2E0701C8B0866E68069C0583 /* Pods-DynamicClipImage.release.xcconfig */;
			buildSettings = {
				ASSETCATALOG_COMPILER_APPICON_NAME = AppIcon;
				CLANG_CXX_LANGUAGE_STANDARD = "compiler-default";
				CODE_SIGN_STYLE = Automatic;
				DEVELOPMENT_TEAM = GJYQWG36VA;
				GCC_C_LANGUAGE_STANDARD = gnu99;
				INFOPLIST_FILE = DynamicClipImage/Info.plist;
				LD_RUNPATH_SEARCH_PATHS = "$(inherited) @executable_path/Frameworks";
				PRODUCT_BUNDLE_IDENTIFIER = developer.technology.DynamicClipImage;
				PRODUCT_NAME = "$(TARGET_NAME)";
				TARGETED_DEVICE_FAMILY = "1,2";
			};
			name = Release;
		};
/* End XCBuildConfiguration section */

/* Begin XCConfigurationList section */
		74B75D7B1FCE3A980099AE34 /* Build configuration list for PBXProject "DynamicClipImage" */ = {
			isa = XCConfigurationList;
			buildConfigurations = (
				74B75D941FCE3A980099AE34 /* Debug */,
				74B75D951FCE3A980099AE34 /* Release */,
			);
			defaultConfigurationIsVisible = 0;
			defaultConfigurationName = Release;
		};
		74B75D961FCE3A980099AE34 /* Build configuration list for PBXNativeTarget "DynamicClipImage" */ = {
			isa = XCConfigurationList;
			buildConfigurations = (
				74B75D971FCE3A980099AE34 /* Debug */,
				74B75D981FCE3A980099AE34 /* Release */,
			);
			defaultConfigurationIsVisible = 0;
			defaultConfigurationName = Release;
		};
/* End XCConfigurationList section */
	};
	rootObject = 74B75D781FCE3A980099AE34 /* Project object */;
}
